<?xml version="1.0" encoding="UTF-8" standalone="yes" ?>
<CodeBlocks_project_file>
	<FileVersion major="1" minor="6" />
	<Project>
		<Option title="OpenGLTest" />
		<Option pch_mode="2" />
		<Option compiler="gcc" />
		<Build>
			<Target title="Debug">
				<Option output="bin/Debug/OpenGLTest" prefix_auto="1" extension_auto="1" />
				<Option object_output="obj/Debug/" />
				<Option type="1" />
				<Option compiler="gcc" />
				<Compiler>
					<Add option="-g" />
				</Compiler>
				<Linker>
					<Add option="-mconsole" />
					<Add library="winmm" />
					<Add library="glfw3" />
					<Add library="opengl32" />
					<Add library="gdi32" />
					<Add library="glew32" />
				</Linker>
			</Target>
			<Target title="Release">
				<Option output="bin/Release/OpenGLTest" prefix_auto="1" extension_auto="1" />
				<Option object_output="obj/Release/" />
				<Option type="1" />
				<Option compiler="gcc" />
				<Compiler>
					<Add option="-O2" />
				</Compiler>
				<Linker>
					<Add option="-s" />
					<Add option="-mconsole" />
					<Add library="glew32" />
				</Linker>
			</Target>
		</Build>
		<Compiler>
			<Add option="-Wall" />
			<Add directory="../../GLFW/glfw-3.4.bin.WIN64/include" />
			<Add directory="D:/CodeBlocks/MinGW/include" />
			<Add directory="D:/CodeBlocks/CB/OpenGLTest/include" />
			<Add directory="D:/CodeBlocks/CB/OpenGLTest/OpenSSL-master/MinGW/include" />
		</Compiler>
		<Linker>
			<Add option="-mconsole" />
			<Add option="-Wl,--subsystem,console" />
			<Add library="glfw3" />
			<Add library="opengl32" />
			<Add library="gdi32" />
			<Add library="winmm" />
			<Add library="glew32" />
			<Add library="SDL2" />
			<Add library="SDL2_mixer" />
			<Add library="ssl" />
			<Add library="crypto" />
			<Add library="ws2_32" />
			<Add library="crypt32" />
			<Add directory="../../GLFW/glfw-3.4.bin.WIN64/lib-mingw-w64" />
			<Add directory="D:/CodeBlocks/MinGW/lib" />
			<Add directory="D:/CodeBlocks/CB/OpenGLTest/lib" />
			<Add directory="D:/CodeBlocks/CB/OpenGLTest/OpenSSL-master/MinGW/lib64" />
		</Linker>
		<Unit filename="main.cpp" />
		<Extensions>
			<lib_finder disable_auto="1" />
		</Extensions>
	</Project>
</CodeBlocks_project_file>
